
Microsoft Visual Studio Solution File, Format Version 12.00
# Visual Studio 15
VisualStudioVersion = 15.0.28307.1022
MinimumVisualStudioVersion = 10.0.40219.1
Project("{8BC9CEB8-8B4A-11D0-8D11-00A0C91BC942}") = "lab№2С++", "lab№2С++\lab№2С++.vcxproj", "{9A6D35B0-88F5-4021-8AB5-A7588A6BB083}"
EndProject
Global
	GlobalSection(SolutionConfigurationPlatforms) = preSolution
		Debug|x64 = Debug|x64
		Debug|x86 = Debug|x86
		Release|x64 = Release|x64
		Release|x86 = Release|x86
	EndGlobalSection
	GlobalSection(ProjectConfigurationPlatforms) = postSolution
		{9A6D35B0-88F5-4021-8AB5-A7588A6BB083}.Debug|x64.ActiveCfg = Debug|x64
		{9A6D35B0-88F5-4021-8AB5-A7588A6BB083}.Debug|x64.Build.0 = Debug|x64
		{9A6D35B0-88F5-4021-8AB5-A7588A6BB083}.Debug|x86.ActiveCfg = Debug|Win32
		{9A6D35B0-88F5-4021-8AB5-A7588A6BB083}.Debug|x86.Build.0 = Debug|Win32
		{9A6D35B0-88F5-4021-8AB5-A7588A6BB083}.Release|x64.ActiveCfg = Release|x64
		{9A6D35B0-88F5-4021-8AB5-A7588A6BB083}.Release|x64.Build.0 = Release|x64
		{9A6D35B0-88F5-4021-8AB5-A7588A6BB083}.Release|x86.ActiveCfg = Release|Win32
		{9A6D35B0-88F5-4021-8AB5-A7588A6BB083}.Release|x86.Build.0 = Release|Win32
	EndGlobalSection
	GlobalSection(SolutionProperties) = preSolution
		HideSolutionNode = FALSE
	EndGlobalSection
	GlobalSection(ExtensibilityGlobals) = postSolution
		SolutionGuid = {FB43CF9A-F9D5-4EB3-B181-9CA01DB00030}
	EndGlobalSection
EndGlobal
